
Microsoft Visual Studio Solution File, Format Version 12.00
# Visual Studio Version 16
VisualStudioVersion = 16.0.31229.75
MinimumVisualStudioVersion = 10.0.40219.1
Project("{FAE04EC0-301F-11D3-BF4B-00C04F79EFBC}") = "PS2_VAG_ENCODER_DECODER", "PS2_VAG_ENCODER_DECODER\PS2_VAG_ENCODER_DECODER.csproj", "{CA159F5C-845A-411A-B6CD-712698285B99}"
	ProjectSection(ProjectDependencies) = postProject
		{F8CE6C17-8446-46A0-9F82-AD0E9FCDF453} = {F8CE6C17-8446-46A0-9F82-AD0E9FCDF453}
	EndProjectSection
EndProject
Project("{8BC9CEB8-8B4A-11D0-8D11-00A0C91BC942}") = "psxsdk", "psxsdk\psxsdk\psxsdk.vcxproj", "{F8CE6C17-8446-46A0-9F82-AD0E9FCDF453}"
EndProject
Global
	GlobalSection(SolutionConfigurationPlatforms) = preSolution
		Debug|Any CPU = Debug|Any CPU
		Debug|x64 = Debug|x64
		Debug|x86 = Debug|x86
		Release|Any CPU = Release|Any CPU
		Release|x64 = Release|x64
		Release|x86 = Release|x86
	EndGlobalSection
	GlobalSection(ProjectConfigurationPlatforms) = postSolution
		{CA159F5C-845A-411A-B6CD-712698285B99}.Debug|Any CPU.ActiveCfg = Debug|Any CPU
		{CA159F5C-845A-411A-B6CD-712698285B99}.Debug|Any CPU.Build.0 = Debug|Any CPU
		{CA159F5C-845A-411A-B6CD-712698285B99}.Debug|x64.ActiveCfg = Debug|Any CPU
		{CA159F5C-845A-411A-B6CD-712698285B99}.Debug|x64.Build.0 = Debug|Any CPU
		{CA159F5C-845A-411A-B6CD-712698285B99}.Debug|x86.ActiveCfg = Debug|Any CPU
		{CA159F5C-845A-411A-B6CD-712698285B99}.Debug|x86.Build.0 = Debug|Any CPU
		{CA159F5C-845A-411A-B6CD-712698285B99}.Release|Any CPU.ActiveCfg = Release|Any CPU
		{CA159F5C-845A-411A-B6CD-712698285B99}.Release|Any CPU.Build.0 = Release|Any CPU
		{CA159F5C-845A-411A-B6CD-712698285B99}.Release|x64.ActiveCfg = Release|Any CPU
		{CA159F5C-845A-411A-B6CD-712698285B99}.Release|x64.Build.0 = Release|Any CPU
		{CA159F5C-845A-411A-B6CD-712698285B99}.Release|x86.ActiveCfg = Release|Any CPU
		{CA159F5C-845A-411A-B6CD-712698285B99}.Release|x86.Build.0 = Release|Any CPU
		{F8CE6C17-8446-46A0-9F82-AD0E9FCDF453}.Debug|Any CPU.ActiveCfg = Debug|Win32
		{F8CE6C17-8446-46A0-9F82-AD0E9FCDF453}.Debug|Any CPU.Build.0 = Debug|Win32
		{F8CE6C17-8446-46A0-9F82-AD0E9FCDF453}.Debug|x64.ActiveCfg = Debug|x64
		{F8CE6C17-8446-46A0-9F82-AD0E9FCDF453}.Debug|x64.Build.0 = Debug|x64
		{F8CE6C17-8446-46A0-9F82-AD0E9FCDF453}.Debug|x86.ActiveCfg = Debug|Win32
		{F8CE6C17-8446-46A0-9F82-AD0E9FCDF453}.Debug|x86.Build.0 = Debug|Win32
		{F8CE6C17-8446-46A0-9F82-AD0E9FCDF453}.Release|Any CPU.ActiveCfg = Release|Win32
		{F8CE6C17-8446-46A0-9F82-AD0E9FCDF453}.Release|x64.ActiveCfg = Release|x64
		{F8CE6C17-8446-46A0-9F82-AD0E9FCDF453}.Release|x64.Build.0 = Release|x64
		{F8CE6C17-8446-46A0-9F82-AD0E9FCDF453}.Release|x86.ActiveCfg = Release|Win32
		{F8CE6C17-8446-46A0-9F82-AD0E9FCDF453}.Release|x86.Build.0 = Release|Win32
	EndGlobalSection
	GlobalSection(SolutionProperties) = preSolution
		HideSolutionNode = FALSE
	EndGlobalSection
	GlobalSection(ExtensibilityGlobals) = postSolution
		SolutionGuid = {002D25CF-6525-41A1-8FCC-459A79A74EC0}
	EndGlobalSection
EndGlobal
